NeoBundleLock emmet-vim 610c2ea6730eab2f3a9bbbfc423ac4bdd6db2c96
NeoBundleLock html5.vim 9bfa00bdb3fdca07c490b527e5e6ec6c4b017d3b
NeoBundleLock jscomplete-vim d3af71c06a07f1285f3a6f82b032f3c8fb9744eb
NeoBundleLock molokai 9ac36c74f825d9dc47664ff2c171997cde315e58
NeoBundleLock neobundle.vim 02bd438c42748980d21f6a01860f383e9cc62335
NeoBundleLock neocomplcache 778181767467b8f8016828898779a646074d883a
NeoBundleLock neosnippet 23327c4379b45798fb5b3e644adb77208c8ce68d
NeoBundleLock neosnippet-snippets cf4c2817c2a0c2cd0644bbc9390c41fd635977ab
NeoBundleLock open-browser.vim a3d9bba498c610a2bb1029fd51a3ac3b6b144147
NeoBundleLock syntastic cb9424c9ec241ee07e8c9b2231fe086f0d22ecc2
NeoBundleLock tern_for_vim 63f7f56bbcd0359897ed45dff0ec7b9f0a992376
NeoBundleLock unite.vim bc48c2b00d457437585bc1d12f006bdeef7f9a3d
NeoBundleLock vim-autoclose a9a3b7384657bc1f60a963fd6c08c63fc48d61c3
NeoBundleLock vim-coffee-script 32fe889b8cafd3a4921ef8e6485156453ff58c42
NeoBundleLock vim-css3-syntax 33d21c75cfc8e4af16e1a1d58961c27ce13d3637
NeoBundleLock vim-javascript-syntax 8066c375aa911bd225e07f6d8d5c8661702eec75
NeoBundleLock vim-node 07a5e9f914dda778cdcefde3274d0f2ee5a75961
NeoBundleLock vim-quickrun c7800ea3d01209da678708e4d3b5175009551807
NeoBundleLock vim-scouter 5221901d4ad6b2ef8b370b336db2aa7f69f2b6dc
NeoBundleLock vimfiler 7c05aa8caa1a1bc334e0b5dcd1d287d5ded7b2f5
NeoBundleLock vimproc.vim c286dcbdfca9e0ee1a4cb90f09c3f03638112f5a
NeoBundleLock webapi-vim 6d577e49aeb81b4ede280161ca1e550c9328d098
