NeoBundleLock VimClojure 2a17c249571395a7f45523d38cac6a9326ecf8f1
NeoBundleLock emmet-vim 610c2ea6730eab2f3a9bbbfc423ac4bdd6db2c96
NeoBundleLock html5.vim 9bfa00bdb3fdca07c490b527e5e6ec6c4b017d3b
NeoBundleLock indentLine 6011a6132c40d7f8fecadd7b44677f539289ea4c
NeoBundleLock jscomplete-vim d3af71c06a07f1285f3a6f82b032f3c8fb9744eb
NeoBundleLock molokai 9ac36c74f825d9dc47664ff2c171997cde315e58
NeoBundleLock neobundle.vim 02bd438c42748980d21f6a01860f383e9cc62335
NeoBundleLock neocomplcache 778181767467b8f8016828898779a646074d883a
NeoBundleLock neocomplete-rsense.vim a8b7460a41eb96aa1c9e49b231dd95e216c8dc2d
NeoBundleLock neomru.vim 8aa00e181bb764956a40764ae325a485a93f513a
NeoBundleLock neosnippet 23327c4379b45798fb5b3e644adb77208c8ce68d
NeoBundleLock neosnippet-snippets cf4c2817c2a0c2cd0644bbc9390c41fd635977ab
NeoBundleLock open-browser.vim a3d9bba498c610a2bb1029fd51a3ac3b6b144147
NeoBundleLock syntastic cb9424c9ec241ee07e8c9b2231fe086f0d22ecc2
NeoBundleLock tern_for_vim 63f7f56bbcd0359897ed45dff0ec7b9f0a992376
NeoBundleLock unite-rails 1509884b919f0669e07cd73eb86118dd916c3af7
NeoBundleLock unite.vim bc48c2b00d457437585bc1d12f006bdeef7f9a3d
NeoBundleLock vim-autoclose a9a3b7384657bc1f60a963fd6c08c63fc48d61c3
NeoBundleLock vim-coffee-script 32fe889b8cafd3a4921ef8e6485156453ff58c42
NeoBundleLock vim-css3-syntax 33d21c75cfc8e4af16e1a1d58961c27ce13d3637
NeoBundleLock vim-endwise f06abe3d6eca6f6ebfc31ea3163a51575f450df6
NeoBundleLock vim-node 07a5e9f914dda778cdcefde3274d0f2ee5a75961
NeoBundleLock vim-rails e25769a7f42d86b38d6ee87350ff2f6a37e68258
NeoBundleLock vim-ref 007b0ac409100cf2b83eb7dace5c8235e3737fef
NeoBundleLock vim-ref-ri e3a2dbb71af73bf15c9c2134cc3630edc60331eb
NeoBundleLock vim-scouter 5221901d4ad6b2ef8b370b336db2aa7f69f2b6dc
NeoBundleLock vim-slim 0daaa8581f9a9968cebbc7d14ae9acf1625c0389
NeoBundleLock vim-slime 62aa4d108b9458f88711f77dba27b5c7b59e5750
NeoBundleLock vim-surround 2d05440ad23f97a7874ebd9b5de3a0e65d25d85c
NeoBundleLock vim-tags e75dea76e488d9208ed73c53c46a4abee2695115
NeoBundleLock vimdoc-ja 75db00e7afac15eda4e6d05a084f2228141a8b59
NeoBundleLock vimfiler 7c05aa8caa1a1bc334e0b5dcd1d287d5ded7b2f5
NeoBundleLock vimproc c7fd9a19cb0bf3f18d66d29d269789126b4271b0
NeoBundleLock vimshell 7931e3bf9fbba738b26bb76143dfc1df17f7a99b
NeoBundleLock webapi-vim 6d577e49aeb81b4ede280161ca1e550c9328d098
